
Microsoft Visual Studio Solution File, Format Version 12.00
# Visual Studio Version 17
VisualStudioVersion = 17.0.31903.59
MinimumVisualStudioVersion = 10.0.40219.1
Project("{FAE04EC0-301F-11D3-BF4B-00C04F79EFBC}") = "Shop", "Shop\Shop.csproj", "{8C688F81-83A2-4DAA-9EA4-5745EA584A01}"
EndProject
Project("{FAE04EC0-301F-11D3-BF4B-00C04F79EFBC}") = "Shop.Test", "Shop.Test\Shop.Test.csproj", "{9B92482C-8819-47D7-8C24-2D179481A8E2}"
EndProject
Project("{FAE04EC0-301F-11D3-BF4B-00C04F79EFBC}") = "ShopTDD", "ShopTDD\ShopTDD.csproj", "{0C0143BF-190B-4CF2-B855-A1FBF9E157C6}"
EndProject
Global
	GlobalSection(SolutionConfigurationPlatforms) = preSolution
		Debug|Any CPU = Debug|Any CPU
		Release|Any CPU = Release|Any CPU
	EndGlobalSection
	GlobalSection(SolutionProperties) = preSolution
		HideSolutionNode = FALSE
	EndGlobalSection
	GlobalSection(ProjectConfigurationPlatforms) = postSolution
		{8C688F81-83A2-4DAA-9EA4-5745EA584A01}.Debug|Any CPU.ActiveCfg = Debug|Any CPU
		{8C688F81-83A2-4DAA-9EA4-5745EA584A01}.Debug|Any CPU.Build.0 = Debug|Any CPU
		{8C688F81-83A2-4DAA-9EA4-5745EA584A01}.Release|Any CPU.ActiveCfg = Release|Any CPU
		{8C688F81-83A2-4DAA-9EA4-5745EA584A01}.Release|Any CPU.Build.0 = Release|Any CPU
		{9B92482C-8819-47D7-8C24-2D179481A8E2}.Debug|Any CPU.ActiveCfg = Debug|Any CPU
		{9B92482C-8819-47D7-8C24-2D179481A8E2}.Debug|Any CPU.Build.0 = Debug|Any CPU
		{9B92482C-8819-47D7-8C24-2D179481A8E2}.Release|Any CPU.ActiveCfg = Release|Any CPU
		{9B92482C-8819-47D7-8C24-2D179481A8E2}.Release|Any CPU.Build.0 = Release|Any CPU
		{0C0143BF-190B-4CF2-B855-A1FBF9E157C6}.Debug|Any CPU.ActiveCfg = Debug|Any CPU
		{0C0143BF-190B-4CF2-B855-A1FBF9E157C6}.Debug|Any CPU.Build.0 = Debug|Any CPU
		{0C0143BF-190B-4CF2-B855-A1FBF9E157C6}.Release|Any CPU.ActiveCfg = Release|Any CPU
		{0C0143BF-190B-4CF2-B855-A1FBF9E157C6}.Release|Any CPU.Build.0 = Release|Any CPU
	EndGlobalSection
EndGlobal
