
Microsoft Visual Studio Solution File, Format Version 12.00
# Visual Studio Version 17
VisualStudioVersion = 17.0.31903.59
MinimumVisualStudioVersion = 10.0.40219.1
Project("{FAE04EC0-301F-11D3-BF4B-00C04F79EFBC}") = "BusDriver", "BusDriver\BusDriver.csproj", "{2A9B6E0A-E806-405D-AA39-AB04211CEDE4}"
EndProject
Project("{FAE04EC0-301F-11D3-BF4B-00C04F79EFBC}") = "BusDriver.Test", "BusDriver.Test\BusDriver.Test.csproj", "{D1C20587-404B-4C3C-A726-4C3CE52F3C48}"
EndProject
Project("{FAE04EC0-301F-11D3-BF4B-00C04F79EFBC}") = "Banking", "Banking\Banking.csproj", "{AC3BB8D6-856A-4FB1-88E4-63C24C00D97D}"
EndProject
Project("{FAE04EC0-301F-11D3-BF4B-00C04F79EFBC}") = "Banking.Test", "Banking.Test\Banking.Test.csproj", "{6DAEAB16-26C3-4F12-A2B9-1C71A45A35F8}"
EndProject
Global
	GlobalSection(SolutionConfigurationPlatforms) = preSolution
		Debug|Any CPU = Debug|Any CPU
		Release|Any CPU = Release|Any CPU
	EndGlobalSection
	GlobalSection(SolutionProperties) = preSolution
		HideSolutionNode = FALSE
	EndGlobalSection
	GlobalSection(ProjectConfigurationPlatforms) = postSolution
		{2A9B6E0A-E806-405D-AA39-AB04211CEDE4}.Debug|Any CPU.ActiveCfg = Debug|Any CPU
		{2A9B6E0A-E806-405D-AA39-AB04211CEDE4}.Debug|Any CPU.Build.0 = Debug|Any CPU
		{2A9B6E0A-E806-405D-AA39-AB04211CEDE4}.Release|Any CPU.ActiveCfg = Release|Any CPU
		{2A9B6E0A-E806-405D-AA39-AB04211CEDE4}.Release|Any CPU.Build.0 = Release|Any CPU
		{D1C20587-404B-4C3C-A726-4C3CE52F3C48}.Debug|Any CPU.ActiveCfg = Debug|Any CPU
		{D1C20587-404B-4C3C-A726-4C3CE52F3C48}.Debug|Any CPU.Build.0 = Debug|Any CPU
		{D1C20587-404B-4C3C-A726-4C3CE52F3C48}.Release|Any CPU.ActiveCfg = Release|Any CPU
		{D1C20587-404B-4C3C-A726-4C3CE52F3C48}.Release|Any CPU.Build.0 = Release|Any CPU
		{AC3BB8D6-856A-4FB1-88E4-63C24C00D97D}.Debug|Any CPU.ActiveCfg = Debug|Any CPU
		{AC3BB8D6-856A-4FB1-88E4-63C24C00D97D}.Debug|Any CPU.Build.0 = Debug|Any CPU
		{AC3BB8D6-856A-4FB1-88E4-63C24C00D97D}.Release|Any CPU.ActiveCfg = Release|Any CPU
		{AC3BB8D6-856A-4FB1-88E4-63C24C00D97D}.Release|Any CPU.Build.0 = Release|Any CPU
		{6DAEAB16-26C3-4F12-A2B9-1C71A45A35F8}.Debug|Any CPU.ActiveCfg = Debug|Any CPU
		{6DAEAB16-26C3-4F12-A2B9-1C71A45A35F8}.Debug|Any CPU.Build.0 = Debug|Any CPU
		{6DAEAB16-26C3-4F12-A2B9-1C71A45A35F8}.Release|Any CPU.ActiveCfg = Release|Any CPU
		{6DAEAB16-26C3-4F12-A2B9-1C71A45A35F8}.Release|Any CPU.Build.0 = Release|Any CPU
	EndGlobalSection
EndGlobal
